{
  "name": "luckybet_sample",
  "version": "1.0.0",
  "lockfileVersion": 1,
  "requires": true,
  "dependencies": {
    "@types/iost-contract": {
      "version": "3.4.0",
      "resolved": "https://registry.npmjs.org/@types/iost-contract/-/iost-contract-3.4.0.tgz",
      "integrity": "sha512-6hkRe1NDwurr48ZHstrwyGZzohIw4emmorK7/HpJH7KXyEH+EebnTz5rTDXDPFdzVr7tJS4GShVUJIv+D8YGgA==",
      "dev": true
    }
  }
}
